
Microsoft Visual Studio Solution File, Format Version 12.00
# Visual Studio 14
VisualStudioVersion = 14.0.25123.0
MinimumVisualStudioVersion = 10.0.40219.1
Project("{FAE04EC0-301F-11D3-BF4B-00C04F79EFBC}") = "VKmessage", "VKmessage\VKmessage.csproj", "{494FA0F2-679F-48EE-8193-DBC09F126CAF}"
EndProject
Global
	GlobalSection(SolutionConfigurationPlatforms) = preSolution
		Debug|Any CPU = Debug|Any CPU
		Debug|ARM = Debug|ARM
		Debug|x86 = Debug|x86
		Release|Any CPU = Release|Any CPU
		Release|ARM = Release|ARM
		Release|x86 = Release|x86
	EndGlobalSection
	GlobalSection(ProjectConfigurationPlatforms) = postSolution
		{494FA0F2-679F-48EE-8193-DBC09F126CAF}.Debug|Any CPU.ActiveCfg = Debug|Any CPU
		{494FA0F2-679F-48EE-8193-DBC09F126CAF}.Debug|Any CPU.Build.0 = Debug|Any CPU
		{494FA0F2-679F-48EE-8193-DBC09F126CAF}.Debug|ARM.ActiveCfg = Debug|ARM
		{494FA0F2-679F-48EE-8193-DBC09F126CAF}.Debug|ARM.Build.0 = Debug|ARM
		{494FA0F2-679F-48EE-8193-DBC09F126CAF}.Debug|x86.ActiveCfg = Debug|x86
		{494FA0F2-679F-48EE-8193-DBC09F126CAF}.Debug|x86.Build.0 = Debug|x86
		{494FA0F2-679F-48EE-8193-DBC09F126CAF}.Release|Any CPU.ActiveCfg = Release|Any CPU
		{494FA0F2-679F-48EE-8193-DBC09F126CAF}.Release|Any CPU.Build.0 = Release|Any CPU
		{494FA0F2-679F-48EE-8193-DBC09F126CAF}.Release|ARM.ActiveCfg = Release|ARM
		{494FA0F2-679F-48EE-8193-DBC09F126CAF}.Release|ARM.Build.0 = Release|ARM
		{494FA0F2-679F-48EE-8193-DBC09F126CAF}.Release|x86.ActiveCfg = Release|x86
		{494FA0F2-679F-48EE-8193-DBC09F126CAF}.Release|x86.Build.0 = Release|x86
	EndGlobalSection
	GlobalSection(SolutionProperties) = preSolution
		HideSolutionNode = FALSE
	EndGlobalSection
EndGlobal
